
Microsoft Visual Studio Solution File, Format Version 12.00
# Visual Studio Version 17
VisualStudioVersion = 17.13.35931.197 d17.13
MinimumVisualStudioVersion = 10.0.40219.1
Project("{FAE04EC0-301F-11D3-BF4B-00C04F79EFBC}") = "Workflow", "Workflow\Workflow.csproj", "{A8409299-8CC6-453F-8B17-F734C166D99C}"
EndProject
Project("{FAE04EC0-301F-11D3-BF4B-00C04F79EFBC}") = "Workflow.UnitTests", "Workflow.UnitTests\Workflow.UnitTests.csproj", "{26965232-EDA8-439F-BA12-60EA35E7D77F}"
EndProject
Project("{FAE04EC0-301F-11D3-BF4B-00C04F79EFBC}") = "Workflow.IntegrationTests", "Workflow.IntegrationTests\Workflow.IntegrationTests.csproj", "{3418C8CC-7D35-40F0-AAA8-D8973DB148D3}"
EndProject
Project("{FAE04EC0-301F-11D3-BF4B-00C04F79EFBC}") = "Workflow.Benchmarks", "Workflow.Benchmarks\Workflow.Benchmarks.csproj", "{BFD6928E-C901-4089-8579-E4405FF697D5}"
EndProject
Global
	GlobalSection(SolutionConfigurationPlatforms) = preSolution
		Debug|Any CPU = Debug|Any CPU
		Release|Any CPU = Release|Any CPU
	EndGlobalSection
	GlobalSection(ProjectConfigurationPlatforms) = postSolution
		{A8409299-8CC6-453F-8B17-F734C166D99C}.Debug|Any CPU.ActiveCfg = Debug|Any CPU
		{A8409299-8CC6-453F-8B17-F734C166D99C}.Debug|Any CPU.Build.0 = Debug|Any CPU
		{A8409299-8CC6-453F-8B17-F734C166D99C}.Release|Any CPU.ActiveCfg = Release|Any CPU
		{A8409299-8CC6-453F-8B17-F734C166D99C}.Release|Any CPU.Build.0 = Release|Any CPU
		{26965232-EDA8-439F-BA12-60EA35E7D77F}.Debug|Any CPU.ActiveCfg = Debug|Any CPU
		{26965232-EDA8-439F-BA12-60EA35E7D77F}.Debug|Any CPU.Build.0 = Debug|Any CPU
		{26965232-EDA8-439F-BA12-60EA35E7D77F}.Release|Any CPU.ActiveCfg = Release|Any CPU
		{26965232-EDA8-439F-BA12-60EA35E7D77F}.Release|Any CPU.Build.0 = Release|Any CPU
		{3418C8CC-7D35-40F0-AAA8-D8973DB148D3}.Debug|Any CPU.ActiveCfg = Debug|Any CPU
		{3418C8CC-7D35-40F0-AAA8-D8973DB148D3}.Debug|Any CPU.Build.0 = Debug|Any CPU
		{3418C8CC-7D35-40F0-AAA8-D8973DB148D3}.Release|Any CPU.ActiveCfg = Release|Any CPU
		{3418C8CC-7D35-40F0-AAA8-D8973DB148D3}.Release|Any CPU.Build.0 = Release|Any CPU
		{BFD6928E-C901-4089-8579-E4405FF697D5}.Debug|Any CPU.ActiveCfg = Debug|Any CPU
		{BFD6928E-C901-4089-8579-E4405FF697D5}.Debug|Any CPU.Build.0 = Debug|Any CPU
		{BFD6928E-C901-4089-8579-E4405FF697D5}.Release|Any CPU.ActiveCfg = Release|Any CPU
		{BFD6928E-C901-4089-8579-E4405FF697D5}.Release|Any CPU.Build.0 = Release|Any CPU
	EndGlobalSection
	GlobalSection(SolutionProperties) = preSolution
		HideSolutionNode = FALSE
	EndGlobalSection
	GlobalSection(ExtensibilityGlobals) = postSolution
		SolutionGuid = {F0997510-E6E3-4744-AB1A-B51EA63F600F}
	EndGlobalSection
EndGlobal
